{
  "name": "mina-test-signer",
  "version": "1.0.0",
  "lockfileVersion": 3,
  "requires": true,
  "packages": {
    "": {
      "name": "mina-test-signer",
      "version": "1.0.0",
      "license": "ISC",
      "dependencies": {
        "commander": "^14.0.2",
        "json-to-graphql-query": "^2.3.0",
        "mina-signer": "../../../mina-signer"
      },
      "bin": {
        "mina-test-signer": "mina-test-signer.js"
      }
    },
    "../..": {
      "version": "3.1.0",
      "license": "Apache-2.0",
      "dependencies": {
        "blakejs": "^1.2.1",
        "js-sha256": "^0.9.0"
      },
      "devDependencies": {
        "pkg-pr-new": "^0.0.9"
      }
    },
    "../../mina-signer": {
      "extraneous": true
    },
    "node_modules/commander": {
      "version": "14.0.2",
      "resolved": "https://registry.npmjs.org/commander/-/commander-14.0.2.tgz",
      "integrity": "sha512-TywoWNNRbhoD0BXs1P3ZEScW8W5iKrnbithIl0YH+uCmBd0QpPOA8yc82DS3BIE5Ma6FnBVUsJ7wVUDz4dvOWQ==",
      "license": "MIT",
      "engines": {
        "node": ">=20"
      }
    },
    "node_modules/json-to-graphql-query": {
      "version": "2.3.0",
      "resolved": "https://registry.npmjs.org/json-to-graphql-query/-/json-to-graphql-query-2.3.0.tgz",
      "integrity": "sha512-khZtaLLQ0HllFec+t89ZWduUZ0rmne/OpRm/39hyZUWDHNx9Yk4DgQzDtMeqd8zj2g5opBD4GHrdtH0JzKnN2g==",
      "license": "MIT"
    },
    "node_modules/mina-signer": {
      "resolved": "../..",
      "link": true
    }
  }
}
